{
  "requires": true,
  "lockfileVersion": 1,
  "dependencies": {
    "react-native-android-voice": {
      "version": "0.6.0",
      "resolved": "https://registry.npmjs.org/react-native-android-voice/-/react-native-android-voice-0.6.0.tgz",
      "integrity": "sha512-rsIPmmtf+/MbA/YiZzvQVFg/Pip5m5hwQOuzcVOan96sT8exJ+jJB4hDAt77jX8tfR4L9NJiSP0Qk2mrttkZmw=="
    }
  }
}
